Microsoft Visual Studio Solution File, Format Version 12.00
# Visual Studio Version 17
VisualStudioVersion = 17.5.2.0
MinimumVisualStudioVersion = 10.0.40219.1
Project("{2150E333-8FDC-42A3-9474-1A3956D46DE8}") = "Connect4", "Connect4", "{E7364505-6DC9-0ED0-AC4E-963AE5D14AC2}"
EndProject
Project("{FAE04EC0-301F-11D3-BF4B-00C04F79EFBC}") = "server", "Connect4\server\server.csproj", "{A0CE20D2-1D26-1AB8-784E-FB4D75F3A10D}"
EndProject
Global
	GlobalSection(SolutionConfigurationPlatforms) = preSolution
		Debug|Any CPU = Debug|Any CPU
		Release|Any CPU = Release|Any CPU
	EndGlobalSection
	GlobalSection(ProjectConfigurationPlatforms) = postSolution
		{A0CE20D2-1D26-1AB8-784E-FB4D75F3A10D}.Debug|Any CPU.ActiveCfg = Debug|Any CPU
		{A0CE20D2-1D26-1AB8-784E-FB4D75F3A10D}.Debug|Any CPU.Build.0 = Debug|Any CPU
		{A0CE20D2-1D26-1AB8-784E-FB4D75F3A10D}.Release|Any CPU.ActiveCfg = Release|Any CPU
		{A0CE20D2-1D26-1AB8-784E-FB4D75F3A10D}.Release|Any CPU.Build.0 = Release|Any CPU
	EndGlobalSection
	GlobalSection(SolutionProperties) = preSolution
		HideSolutionNode = FALSE
	EndGlobalSection
	GlobalSection(NestedProjects) = preSolution
		{A0CE20D2-1D26-1AB8-784E-FB4D75F3A10D} = {E7364505-6DC9-0ED0-AC4E-963AE5D14AC2}
	EndGlobalSection
	GlobalSection(ExtensibilityGlobals) = postSolution
		SolutionGuid = {AC646F3A-D56D-4C73-BDDA-A28703C04B47}
	EndGlobalSection
EndGlobal
